
Microsoft Visual Studio Solution File, Format Version 12.00
# Visual Studio Version 17
VisualStudioVersion = 17.0.31410.414
MinimumVisualStudioVersion = 10.0.40219.1
Project("{2150E333-8FDC-42A3-9474-1A3956D46DE8}") = "src", "src", "{FBF500AA-F3F9-457B-818B-05D53AE9C901}"
EndProject
Project("{2150E333-8FDC-42A3-9474-1A3956D46DE8}") = "Solution Items", "Solution Items", "{94A0E905-8142-4667-A244-EBFE3CE20B1A}"
	ProjectSection(SolutionItems) = preProject
		.editorconfig = .editorconfig
		.gitignore = .gitignore
		.spectral.yaml = .spectral.yaml
		.vsconfig = .vsconfig
		API.ruleset = API.ruleset
		benchmark-crank.ps1 = benchmark-crank.ps1
		benchmark.ps1 = benchmark.ps1
		benchmark.yml = benchmark.yml
		build.ps1 = build.ps1
		crank.ps1 = crank.ps1
		crank.yml = crank.yml
		Directory.Build.props = Directory.Build.props
		Directory.Packages.props = Directory.Packages.props
		global.json = global.json
		LICENSE = LICENSE
		NuGet.config = NuGet.config
		README.md = README.md
		stylecop.json = stylecop.json
	EndProjectSection
EndProject
Project("{9A19103F-16F7-4668-BE54-9A1E7A4F7556}") = "API", "src\API\API.csproj", "{1CCAD84E-2E62-43AB-8158-45DD93249875}"
EndProject
Project("{2150E333-8FDC-42A3-9474-1A3956D46DE8}") = "tests", "tests", "{E50CFF7D-C9F2-44ED-B596-593F614B5ED6}"
EndProject
Project("{9A19103F-16F7-4668-BE54-9A1E7A4F7556}") = "API.Tests", "tests\API.Tests\API.Tests.csproj", "{67917CF1-BCF9-4808-8965-FD1A7334C3BC}"
EndProject
Project("{2150E333-8FDC-42A3-9474-1A3956D46DE8}") = ".vscode", ".vscode", "{C9381C1E-F8B9-4A77-B314-6DD8F370AF0E}"
	ProjectSection(SolutionItems) = preProject
		.vscode\extensions.json = .vscode\extensions.json
		.vscode\launch.json = .vscode\launch.json
		.vscode\tasks.json = .vscode\tasks.json
	EndProjectSection
EndProject
Project("{9A19103F-16F7-4668-BE54-9A1E7A4F7556}") = "API.Benchmarks", "tests\API.Benchmarks\API.Benchmarks.csproj", "{CD554D6A-45C2-42EA-9422-D2FAAD5AEF1F}"
EndProject
Project("{2150E333-8FDC-42A3-9474-1A3956D46DE8}") = ".github", ".github", "{FBD1DEA8-994C-4AA8-A554-876D6D6B7EAA}"
	ProjectSection(SolutionItems) = preProject
		.github\actionlint-matcher.json = .github\actionlint-matcher.json
		.github\dependabot.yml = .github\dependabot.yml
	EndProjectSection
EndProject
Project("{2150E333-8FDC-42A3-9474-1A3956D46DE8}") = "workflows", "workflows", "{F414510B-EBC9-47DF-B561-EFE83A0CCECF}"
	ProjectSection(SolutionItems) = preProject
		.github\workflows\benchmark.yml = .github\workflows\benchmark.yml
		.github\workflows\build.yml = .github\workflows\build.yml
		.github\workflows\codeql.yml = .github\workflows\codeql.yml
		.github\workflows\dependency-review.yml = .github\workflows\dependency-review.yml
		.github\workflows\lint.yml = .github\workflows\lint.yml
		.github\workflows\spectral.yml = .github\workflows\spectral.yml
	EndProjectSection
EndProject
Global
	GlobalSection(SolutionConfigurationPlatforms) = preSolution
		Debug|Any CPU = Debug|Any CPU
		Release|Any CPU = Release|Any CPU
	EndGlobalSection
	GlobalSection(ProjectConfigurationPlatforms) = postSolution
		{1CCAD84E-2E62-43AB-8158-45DD93249875}.Debug|Any CPU.ActiveCfg = Debug|Any CPU
		{1CCAD84E-2E62-43AB-8158-45DD93249875}.Debug|Any CPU.Build.0 = Debug|Any CPU
		{1CCAD84E-2E62-43AB-8158-45DD93249875}.Release|Any CPU.ActiveCfg = Release|Any CPU
		{1CCAD84E-2E62-43AB-8158-45DD93249875}.Release|Any CPU.Build.0 = Release|Any CPU
		{67917CF1-BCF9-4808-8965-FD1A7334C3BC}.Debug|Any CPU.ActiveCfg = Debug|Any CPU
		{67917CF1-BCF9-4808-8965-FD1A7334C3BC}.Debug|Any CPU.Build.0 = Debug|Any CPU
		{67917CF1-BCF9-4808-8965-FD1A7334C3BC}.Release|Any CPU.ActiveCfg = Release|Any CPU
		{67917CF1-BCF9-4808-8965-FD1A7334C3BC}.Release|Any CPU.Build.0 = Release|Any CPU
		{CD554D6A-45C2-42EA-9422-D2FAAD5AEF1F}.Debug|Any CPU.ActiveCfg = Debug|Any CPU
		{CD554D6A-45C2-42EA-9422-D2FAAD5AEF1F}.Debug|Any CPU.Build.0 = Debug|Any CPU
		{CD554D6A-45C2-42EA-9422-D2FAAD5AEF1F}.Release|Any CPU.ActiveCfg = Release|Any CPU
		{CD554D6A-45C2-42EA-9422-D2FAAD5AEF1F}.Release|Any CPU.Build.0 = Release|Any CPU
	EndGlobalSection
	GlobalSection(SolutionProperties) = preSolution
		HideSolutionNode = FALSE
	EndGlobalSection
	GlobalSection(NestedProjects) = preSolution
		{1CCAD84E-2E62-43AB-8158-45DD93249875} = {FBF500AA-F3F9-457B-818B-05D53AE9C901}
		{67917CF1-BCF9-4808-8965-FD1A7334C3BC} = {E50CFF7D-C9F2-44ED-B596-593F614B5ED6}
		{C9381C1E-F8B9-4A77-B314-6DD8F370AF0E} = {94A0E905-8142-4667-A244-EBFE3CE20B1A}
		{CD554D6A-45C2-42EA-9422-D2FAAD5AEF1F} = {E50CFF7D-C9F2-44ED-B596-593F614B5ED6}
		{FBD1DEA8-994C-4AA8-A554-876D6D6B7EAA} = {94A0E905-8142-4667-A244-EBFE3CE20B1A}
		{F414510B-EBC9-47DF-B561-EFE83A0CCECF} = {FBD1DEA8-994C-4AA8-A554-876D6D6B7EAA}
	EndGlobalSection
	GlobalSection(ExtensibilityGlobals) = postSolution
		SolutionGuid = {DBF2FAD3-39E4-4077-AE0B-5C0AE27673B8}
	EndGlobalSection
EndGlobal
